
Microsoft Visual Studio Solution File, Format Version 12.00
Project("{FAE04EC0-301F-11D3-BF4B-00C04F79EFBC}") = "KeyforgeUnlocked", "KeyforgeUnlocked\KeyforgeUnlocked.csproj", "{BD961E76-52F5-4488-B377-DCDC251033FB}"
EndProject
Project("{FAE04EC0-301F-11D3-BF4B-00C04F79EFBC}") = "KeyforgeUnlocked.Console", "KeyforgeUnlocked.Console\KeyforgeUnlocked.Console.csproj", "{C492CBF5-EC3D-42BC-A06F-085477D359D6}"
EndProject
Project("{FAE04EC0-301F-11D3-BF4B-00C04F79EFBC}") = "KeyforgeUnlocked.Test", "KeyforgeUnlocked.Test\KeyforgeUnlocked.Test.csproj", "{1935B847-E793-44A4-B879-ECFBF86BB71D}"
EndProject
Project("{F2A71F9B-5D33-465A-A702-920D77279786}") = "UnlockedCore", "UnlockedCore\UnlockedCore.fsproj", "{3A4805DD-9F43-4E2E-9558-A365A2EFD044}"
EndProject
Global
	GlobalSection(SolutionConfigurationPlatforms) = preSolution
		Debug|Any CPU = Debug|Any CPU
		Release|Any CPU = Release|Any CPU
	EndGlobalSection
	GlobalSection(ProjectConfigurationPlatforms) = postSolution
		{BD961E76-52F5-4488-B377-DCDC251033FB}.Debug|Any CPU.ActiveCfg = Debug|Any CPU
		{BD961E76-52F5-4488-B377-DCDC251033FB}.Debug|Any CPU.Build.0 = Debug|Any CPU
		{BD961E76-52F5-4488-B377-DCDC251033FB}.Release|Any CPU.ActiveCfg = Release|Any CPU
		{BD961E76-52F5-4488-B377-DCDC251033FB}.Release|Any CPU.Build.0 = Release|Any CPU
		{C492CBF5-EC3D-42BC-A06F-085477D359D6}.Debug|Any CPU.ActiveCfg = Debug|Any CPU
		{C492CBF5-EC3D-42BC-A06F-085477D359D6}.Debug|Any CPU.Build.0 = Debug|Any CPU
		{C492CBF5-EC3D-42BC-A06F-085477D359D6}.Release|Any CPU.ActiveCfg = Release|Any CPU
		{C492CBF5-EC3D-42BC-A06F-085477D359D6}.Release|Any CPU.Build.0 = Release|Any CPU
		{1935B847-E793-44A4-B879-ECFBF86BB71D}.Debug|Any CPU.ActiveCfg = Debug|Any CPU
		{1935B847-E793-44A4-B879-ECFBF86BB71D}.Debug|Any CPU.Build.0 = Debug|Any CPU
		{1935B847-E793-44A4-B879-ECFBF86BB71D}.Release|Any CPU.ActiveCfg = Release|Any CPU
		{1935B847-E793-44A4-B879-ECFBF86BB71D}.Release|Any CPU.Build.0 = Release|Any CPU
		{3A4805DD-9F43-4E2E-9558-A365A2EFD044}.Debug|Any CPU.ActiveCfg = Debug|Any CPU
		{3A4805DD-9F43-4E2E-9558-A365A2EFD044}.Debug|Any CPU.Build.0 = Debug|Any CPU
		{3A4805DD-9F43-4E2E-9558-A365A2EFD044}.Release|Any CPU.ActiveCfg = Release|Any CPU
		{3A4805DD-9F43-4E2E-9558-A365A2EFD044}.Release|Any CPU.Build.0 = Release|Any CPU
	EndGlobalSection
EndGlobal
