
Microsoft Visual Studio Solution File, Format Version 12.00
Project("{FAE04EC0-301F-11D3-BF4B-00C04F79EFBC}") = "KeyforgeUnlocked", "KeyforgeUnlocked\KeyforgeUnlocked.csproj", "{BD961E76-52F5-4488-B377-DCDC251033FB}"
EndProject
Project("{FAE04EC0-301F-11D3-BF4B-00C04F79EFBC}") = "KeyforgeUnlocked.Console", "KeyforgeUnlocked.Console\KeyforgeUnlocked.Console.csproj", "{C492CBF5-EC3D-42BC-A06F-085477D359D6}"
EndProject
Project("{FAE04EC0-301F-11D3-BF4B-00C04F79EFBC}") = "KeyforgeUnlocked.Test", "KeyforgeUnlocked.Test\KeyforgeUnlocked.Test.csproj", "{1935B847-E793-44A4-B879-ECFBF86BB71D}"
EndProject
Project("{F2A71F9B-5D33-465A-A702-920D77279786}") = "UnlockedCore", "UnlockedCore\UnlockedCore.fsproj", "{3A4805DD-9F43-4E2E-9558-A365A2EFD044}"
EndProject
Project("{F2A71F9B-5D33-465A-A702-920D77279786}") = "UnlockedCore.Test", "UnlockedCore.Test\UnlockedCore.Test.fsproj", "{27DDC334-5695-4757-B4A3-8D8C4DED321C}"
EndProject
Project("{FAE04EC0-301F-11D3-BF4B-00C04F79EFBC}") = "KeyforgeUnlocked.Cards", "KeyforgeUnlocked.Cards\KeyforgeUnlocked.Cards.csproj", "{40F84F75-A74D-4BEC-8CF6-E9BF741214C4}"
EndProject
Project("{FAE04EC0-301F-11D3-BF4B-00C04F79EFBC}") = "KeyforgeUnlocked.IntegrationTest", "KeyforgeUnlocked.IntegrationTest\KeyforgeUnlocked.IntegrationTest.csproj", "{496B0389-E0DE-460B-8C84-3101253DA88D}"
EndProject
Project("{FAE04EC0-301F-11D3-BF4B-00C04F79EFBC}") = "KeyforgeUnlocked.Server", "KeyforgeUnlocked.Server\KeyforgeUnlocked.Server.csproj", "{292DBA39-5260-4CDF-B9FA-A4D7D222CB71}"
EndProject
Project("{FAE04EC0-301F-11D3-BF4B-00C04F79EFBC}") = "KeyforgeUnlocked.Protos", "KeyforgeUnlocked.Protos\KeyforgeUnlocked.Protos.csproj", "{3F6DDF8C-C2CD-4BC1-A22E-DED271C966A1}"
EndProject
Project("{FAE04EC0-301F-11D3-BF4B-00C04F79EFBC}") = "KeyforgeUnlocked.Client", "KeyforgeUnlocked.Client\KeyforgeUnlocked.Client.csproj", "{5B40E16F-CF2F-4B06-8BC3-B93353B3609A}"
EndProject
Project("{2150E333-8FDC-42A3-9474-1A3956D46DE8}") = "KeyforgeUnlocked", "KeyforgeUnlocked", "{9C1E3241-7E68-47B7-8290-A5E854D9401E}"
EndProject
Global
	GlobalSection(SolutionConfigurationPlatforms) = preSolution
		Debug|Any CPU = Debug|Any CPU
		Release|Any CPU = Release|Any CPU
	EndGlobalSection
	GlobalSection(ProjectConfigurationPlatforms) = postSolution
		{BD961E76-52F5-4488-B377-DCDC251033FB}.Debug|Any CPU.ActiveCfg = Debug|Any CPU
		{BD961E76-52F5-4488-B377-DCDC251033FB}.Debug|Any CPU.Build.0 = Debug|Any CPU
		{BD961E76-52F5-4488-B377-DCDC251033FB}.Release|Any CPU.ActiveCfg = Release|Any CPU
		{BD961E76-52F5-4488-B377-DCDC251033FB}.Release|Any CPU.Build.0 = Release|Any CPU
		{C492CBF5-EC3D-42BC-A06F-085477D359D6}.Debug|Any CPU.ActiveCfg = Debug|Any CPU
		{C492CBF5-EC3D-42BC-A06F-085477D359D6}.Debug|Any CPU.Build.0 = Debug|Any CPU
		{C492CBF5-EC3D-42BC-A06F-085477D359D6}.Release|Any CPU.ActiveCfg = Release|Any CPU
		{C492CBF5-EC3D-42BC-A06F-085477D359D6}.Release|Any CPU.Build.0 = Release|Any CPU
		{1935B847-E793-44A4-B879-ECFBF86BB71D}.Debug|Any CPU.ActiveCfg = Debug|Any CPU
		{1935B847-E793-44A4-B879-ECFBF86BB71D}.Debug|Any CPU.Build.0 = Debug|Any CPU
		{1935B847-E793-44A4-B879-ECFBF86BB71D}.Release|Any CPU.ActiveCfg = Release|Any CPU
		{1935B847-E793-44A4-B879-ECFBF86BB71D}.Release|Any CPU.Build.0 = Release|Any CPU
		{3A4805DD-9F43-4E2E-9558-A365A2EFD044}.Debug|Any CPU.ActiveCfg = Debug|Any CPU
		{3A4805DD-9F43-4E2E-9558-A365A2EFD044}.Debug|Any CPU.Build.0 = Debug|Any CPU
		{3A4805DD-9F43-4E2E-9558-A365A2EFD044}.Release|Any CPU.ActiveCfg = Release|Any CPU
		{3A4805DD-9F43-4E2E-9558-A365A2EFD044}.Release|Any CPU.Build.0 = Release|Any CPU
		{27DDC334-5695-4757-B4A3-8D8C4DED321C}.Debug|Any CPU.ActiveCfg = Debug|Any CPU
		{27DDC334-5695-4757-B4A3-8D8C4DED321C}.Debug|Any CPU.Build.0 = Debug|Any CPU
		{27DDC334-5695-4757-B4A3-8D8C4DED321C}.Release|Any CPU.ActiveCfg = Release|Any CPU
		{27DDC334-5695-4757-B4A3-8D8C4DED321C}.Release|Any CPU.Build.0 = Release|Any CPU
		{40F84F75-A74D-4BEC-8CF6-E9BF741214C4}.Debug|Any CPU.ActiveCfg = Debug|Any CPU
		{40F84F75-A74D-4BEC-8CF6-E9BF741214C4}.Debug|Any CPU.Build.0 = Debug|Any CPU
		{40F84F75-A74D-4BEC-8CF6-E9BF741214C4}.Release|Any CPU.ActiveCfg = Release|Any CPU
		{40F84F75-A74D-4BEC-8CF6-E9BF741214C4}.Release|Any CPU.Build.0 = Release|Any CPU
		{496B0389-E0DE-460B-8C84-3101253DA88D}.Debug|Any CPU.ActiveCfg = Debug|Any CPU
		{496B0389-E0DE-460B-8C84-3101253DA88D}.Debug|Any CPU.Build.0 = Debug|Any CPU
		{496B0389-E0DE-460B-8C84-3101253DA88D}.Release|Any CPU.ActiveCfg = Release|Any CPU
		{496B0389-E0DE-460B-8C84-3101253DA88D}.Release|Any CPU.Build.0 = Release|Any CPU
		{292DBA39-5260-4CDF-B9FA-A4D7D222CB71}.Debug|Any CPU.ActiveCfg = Debug|Any CPU
		{292DBA39-5260-4CDF-B9FA-A4D7D222CB71}.Debug|Any CPU.Build.0 = Debug|Any CPU
		{292DBA39-5260-4CDF-B9FA-A4D7D222CB71}.Release|Any CPU.ActiveCfg = Release|Any CPU
		{292DBA39-5260-4CDF-B9FA-A4D7D222CB71}.Release|Any CPU.Build.0 = Release|Any CPU
		{3F6DDF8C-C2CD-4BC1-A22E-DED271C966A1}.Debug|Any CPU.ActiveCfg = Debug|Any CPU
		{3F6DDF8C-C2CD-4BC1-A22E-DED271C966A1}.Debug|Any CPU.Build.0 = Debug|Any CPU
		{3F6DDF8C-C2CD-4BC1-A22E-DED271C966A1}.Release|Any CPU.ActiveCfg = Release|Any CPU
		{3F6DDF8C-C2CD-4BC1-A22E-DED271C966A1}.Release|Any CPU.Build.0 = Release|Any CPU
		{5B40E16F-CF2F-4B06-8BC3-B93353B3609A}.Debug|Any CPU.ActiveCfg = Debug|Any CPU
		{5B40E16F-CF2F-4B06-8BC3-B93353B3609A}.Debug|Any CPU.Build.0 = Debug|Any CPU
		{5B40E16F-CF2F-4B06-8BC3-B93353B3609A}.Release|Any CPU.ActiveCfg = Release|Any CPU
		{5B40E16F-CF2F-4B06-8BC3-B93353B3609A}.Release|Any CPU.Build.0 = Release|Any CPU
	EndGlobalSection
	GlobalSection(NestedProjects) = preSolution
		{BD961E76-52F5-4488-B377-DCDC251033FB} = {9C1E3241-7E68-47B7-8290-A5E854D9401E}
		{40F84F75-A74D-4BEC-8CF6-E9BF741214C4} = {9C1E3241-7E68-47B7-8290-A5E854D9401E}
		{5B40E16F-CF2F-4B06-8BC3-B93353B3609A} = {9C1E3241-7E68-47B7-8290-A5E854D9401E}
		{C492CBF5-EC3D-42BC-A06F-085477D359D6} = {9C1E3241-7E68-47B7-8290-A5E854D9401E}
		{496B0389-E0DE-460B-8C84-3101253DA88D} = {9C1E3241-7E68-47B7-8290-A5E854D9401E}
		{3F6DDF8C-C2CD-4BC1-A22E-DED271C966A1} = {9C1E3241-7E68-47B7-8290-A5E854D9401E}
		{292DBA39-5260-4CDF-B9FA-A4D7D222CB71} = {9C1E3241-7E68-47B7-8290-A5E854D9401E}
		{1935B847-E793-44A4-B879-ECFBF86BB71D} = {9C1E3241-7E68-47B7-8290-A5E854D9401E}
	EndGlobalSection
EndGlobal
